{
	"name": "wp-calypso",
	"version": "0.17.0",
	"lockfileVersion": 1,
	"requires": true,
	"dependencies": {
		"body-scroll-lock": {
			"version": "2.7.1",
			"resolved": "https://registry.npmjs.org/body-scroll-lock/-/body-scroll-lock-2.7.1.tgz",
			"integrity": "sha512-hS53SQ8RhM0e4DsQ3PKz6Gr2O7Kpdh59TWU98GHjaQznL7y4dFycEPk7pFQAikqBaUSCArkc5E3pe7CWIt2fZA=="
		},
		"diff": {
			"version": "4.0.1",
			"resolved": "https://registry.npmjs.org/diff/-/diff-4.0.1.tgz",
			"integrity": "sha512-s2+XdvhPCOF01LRQBC8hf4vhbVmI2CGS5aZnxLJlT5FtdhPCDFq80q++zK2KlrVorVDdL5BOGZ/VfLrVtYNF+Q=="
		},
		"events": {
			"version": "3.0.0",
			"resolved": "https://registry.npmjs.org/events/-/events-3.0.0.tgz",
			"integrity": "sha512-Dc381HFWJzEOhQ+d8pkNon++bk9h6cdAoAj4iE6Q4y6xgTzySWXlKn05/TVNpjnfRqi/X0EpJEJohPjNI3zpVA=="
		},
		"fast-json-stable-stringify": {
			"version": "2.0.0",
			"resolved": "https://registry.npmjs.org/fast-json-stable-stringify/-/fast-json-stable-stringify-2.0.0.tgz",
			"integrity": "sha1-1RQsDK7msRifh9OnYREGT4bIu/I="
		},
		"js-tokens": {
			"version": "4.0.0",
			"resolved": "https://registry.npmjs.org/js-tokens/-/js-tokens-4.0.0.tgz",
			"integrity": "sha512-RdJUflcE3cUzKiMqQgsCu06FPu9UdIJO0beYbPhHN4k6apgJtifcoCtT9bcxOpYBtpD2kCM6Sbzg4CausW/PKQ=="
		},
		"loose-envify": {
			"version": "1.4.0",
			"resolved": "https://registry.npmjs.org/loose-envify/-/loose-envify-1.4.0.tgz",
			"integrity": "sha512-lyuxPGr/Wfhrlem2CL/UcnUc1zcqKAImBDzukY7Y5F/yQiNdko6+fRLevlw1HgMySw7f611UIY408EtxRSoK3Q==",
			"requires": {
				"js-tokens": "^3.0.0 || ^4.0.0"
			}
		},
		"moment-timezone": {
			"version": "0.5.27",
			"resolved": "https://registry.npmjs.org/moment-timezone/-/moment-timezone-0.5.27.tgz",
			"integrity": "sha512-EIKQs7h5sAsjhPCqN6ggx6cEbs94GK050254TIJySD1bzoM5JTYDwAU1IoVOeTOL6Gm27kYJ51/uuvq1kIlrbw==",
			"requires": {
				"moment": ">= 2.9.0"
			},
			"dependencies": {
				"moment": {
					"version": "2.24.0",
					"resolved": "https://registry.npmjs.org/moment/-/moment-2.24.0.tgz",
					"integrity": "sha512-bV7f+6l2QigeBBZSM/6yTNq4P2fNpSWj/0e7jQcy87A8e7o2nAfP/34/2ky5Vw4B9S446EtIhodAzkFCcR4dQg=="
				}
			}
		},
		"object-assign": {
			"version": "4.1.1",
			"resolved": "https://registry.npmjs.org/object-assign/-/object-assign-4.1.1.tgz",
			"integrity": "sha1-IQmtx5ZYh8/AXLvUQsrIv7s2CGM="
		},
		"popper.js": {
			"version": "1.16.1",
			"resolved": "https://registry.npmjs.org/popper.js/-/popper.js-1.16.1.tgz",
			"integrity": "sha512-Wb4p1J4zyFTbM+u6WuO4XstYx4Ky9Cewe4DWrel7B0w6VVICvPwdOpotjzcf6eD8TsckVnIMNONQyPIUFOUbCQ=="
		},
		"react-is": {
			"version": "16.13.1",
			"resolved": "https://registry.npmjs.org/react-is/-/react-is-16.13.1.tgz",
			"integrity": "sha512-24e6ynE2H+OKt4kqsOvNd8kBpV65zoxbA4BVsEOB3ARVWQki/DHzaUoC5KuON/BiccDaCCTZBuOcfZs70kR8bQ=="
		},
		"react-stripe-elements": {
			"version": "4.0.2",
			"resolved": "https://registry.npmjs.org/react-stripe-elements/-/react-stripe-elements-4.0.2.tgz",
			"integrity": "sha512-I6JcXMyPNVoYGug7NOQsW3hmtG8+qisvIbQoJmvTyUnD3Nx60rSv3HXiwagt3Q59f/XxwAZiqbIR9ZDYv7fRCQ==",
			"requires": {
				"prop-types": "^15.5.10"
			},
			"dependencies": {
				"prop-types": {
					"version": "15.7.2",
					"resolved": "https://registry.npmjs.org/prop-types/-/prop-types-15.7.2.tgz",
					"integrity": "sha512-8QQikdH7//R2vurIJSutZ1smHYTcLpRWEOlHnzcWHmBYrOGUysKwSsrC89BCiFj3CbrfJ/nXFdJepOVrY1GCHQ==",
					"requires": {
						"loose-envify": "^1.4.0",
						"object-assign": "^4.1.1",
						"react-is": "^16.8.1"
					}
				}
			}
		},
		"reakit": {
			"version": "1.0.0-beta.14",
			"resolved": "https://registry.npmjs.org/reakit/-/reakit-1.0.0-beta.14.tgz",
			"integrity": "sha512-/KRlHT7tACx3PVvnX1DOuJxlWnfdfbdoEOJKdVPR8X4a9hkLPOZnLRaCNWKwHTVR7tAuVxo0K+ySsMuxWiGGYw==",
			"requires": {
				"body-scroll-lock": "^2.6.4",
				"popper.js": "^1.16.0",
				"reakit-system": "^0.7.2",
				"reakit-utils": "^0.7.3"
			}
		},
		"reakit-system": {
			"version": "0.7.2",
			"resolved": "https://registry.npmjs.org/reakit-system/-/reakit-system-0.7.2.tgz",
			"integrity": "sha512-IY0NwVguy2Awp0DFRzsCBtSnn5gpHtfM3pvfi6Qcwv7Wkms6ZUWxsqFpwNJTMBfXqEBo9dDuIkpCBZivtezYzA=="
		},
		"reakit-utils": {
			"version": "0.7.3",
			"resolved": "https://registry.npmjs.org/reakit-utils/-/reakit-utils-0.7.3.tgz",
			"integrity": "sha512-sQsgKYcn+OthBkvKz+TeHlYZq2SF5ZP9RutHg7O67GI+sdYqf0BVy6VeTe28TG4Vui6hoMheiMnZqhidOtN7EA=="
		},
		"redux-dynamic-middlewares": {
			"version": "2.0.0",
			"resolved": "https://registry.npmjs.org/redux-dynamic-middlewares/-/redux-dynamic-middlewares-2.0.0.tgz",
			"integrity": "sha512-Wqr76OhNkT+HqDumK9crfa/ZSR06wR29mB8DkTjR+Z/aTv9UmNv2zQKpjUBk4YiD7z2oXbPiWuycK4DB/jEQnQ=="
		},
		"uuid": {
			"version": "7.0.2",
			"resolved": "https://registry.npmjs.org/uuid/-/uuid-7.0.2.tgz",
			"integrity": "sha512-vy9V/+pKG+5ZTYKf+VcphF5Oc6EFiu3W8Nv3P3zIh0EqVI80ZxOzuPfe9EHjkFNvf8+xuTHVeei4Drydlx4zjw=="
		}
	}
}
