{
	"name": "@automattic/agenttic-client",
	"version": "1.0.0",
	"lockfileVersion": 2,
	"requires": true,
	"packages": {
		"": {
			"name": "@automattic/agenttic-client",
			"version": "1.0.0",
			"license": "MIT",
			"dependencies": {
				"@types/uuid": "^10.0.0",
				"chalk": "^5.4.1",
				"debug": "^4.3.4",
				"dotenv": "^16.5.0",
				"node-fetch": "^3.3.2",
				"socks-proxy-agent": "^8.0.5",
				"uuid": "^11.1.0"
			},
			"bin": {
				"agenttic-test": "dist/cli/index.js"
			},
			"devDependencies": {
				"@types/node": "^20.0.0",
				"tsup": "^8.0.0",
				"typescript": "^5.0.0",
				"vitest": "^1.0.0"
			},
			"engines": {
				"node": ">=18.0.0"
			}
		},
		"../../node_modules/.pnpm/@types+node@20.17.50/node_modules/@types/node": {
			"version": "20.17.50",
			"dev": true,
			"license": "MIT",
			"dependencies": {
				"undici-types": "~6.19.2"
			}
		},
		"../../node_modules/.pnpm/chalk@5.4.1/node_modules/chalk": {
			"version": "5.4.1",
			"license": "MIT",
			"devDependencies": {
				"@types/node": "^16.11.10",
				"ava": "^3.15.0",
				"c8": "^7.10.0",
				"color-convert": "^2.0.1",
				"execa": "^6.0.0",
				"log-update": "^5.0.0",
				"matcha": "^0.7.0",
				"tsd": "^0.19.0",
				"xo": "^0.57.0",
				"yoctodelay": "^2.0.0"
			},
			"engines": {
				"node": "^12.17.0 || ^14.13 || >=16.0.0"
			},
			"funding": {
				"url": "https://github.com/chalk/chalk?sponsor=1"
			}
		},
		"../../node_modules/.pnpm/debug@4.4.1/node_modules/debug": {
			"version": "4.4.1",
			"license": "MIT",
			"dependencies": {
				"ms": "^2.1.3"
			},
			"devDependencies": {
				"brfs": "^2.0.1",
				"browserify": "^16.2.3",
				"coveralls": "^3.0.2",
				"karma": "^3.1.4",
				"karma-browserify": "^6.0.0",
				"karma-chrome-launcher": "^2.2.0",
				"karma-mocha": "^1.3.0",
				"mocha": "^5.2.0",
				"mocha-lcov-reporter": "^1.2.0",
				"sinon": "^14.0.0",
				"xo": "^0.23.0"
			},
			"engines": {
				"node": ">=6.0"
			},
			"peerDependenciesMeta": {
				"supports-color": {
					"optional": true
				}
			}
		},
		"../../node_modules/.pnpm/dotenv@16.5.0/node_modules/dotenv": {
			"version": "16.5.0",
			"license": "BSD-2-Clause",
			"devDependencies": {
				"@types/node": "^18.11.3",
				"decache": "^4.6.2",
				"sinon": "^14.0.1",
				"standard": "^17.0.0",
				"standard-version": "^9.5.0",
				"tap": "^19.2.0",
				"typescript": "^4.8.4"
			},
			"engines": {
				"node": ">=12"
			},
			"funding": {
				"url": "https://dotenvx.com"
			}
		},
		"../../node_modules/.pnpm/node-fetch@3.3.2/node_modules/node-fetch": {
			"version": "3.3.2",
			"license": "MIT",
			"dependencies": {
				"data-uri-to-buffer": "^4.0.0",
				"fetch-blob": "^3.1.4",
				"formdata-polyfill": "^4.0.10"
			},
			"devDependencies": {
				"abort-controller": "^3.0.0",
				"abortcontroller-polyfill": "^1.7.1",
				"busboy": "^1.4.0",
				"c8": "^7.7.2",
				"chai": "^4.3.4",
				"chai-as-promised": "^7.1.1",
				"chai-iterator": "^3.0.2",
				"chai-string": "^1.5.0",
				"coveralls": "^3.1.0",
				"form-data": "^4.0.0",
				"formdata-node": "^4.2.4",
				"mocha": "^9.1.3",
				"p-timeout": "^5.0.0",
				"stream-consumers": "^1.0.1",
				"tsd": "^0.14.0",
				"xo": "^0.39.1"
			},
			"engines": {
				"node": "^12.20.0 || ^14.13.1 || >=16.0.0"
			},
			"funding": {
				"type": "opencollective",
				"url": "https://opencollective.com/node-fetch"
			}
		},
		"../../node_modules/.pnpm/socks-proxy-agent@8.0.5/node_modules/socks-proxy-agent": {
			"version": "8.0.5",
			"license": "MIT",
			"dependencies": {
				"agent-base": "^7.1.2",
				"debug": "^4.3.4",
				"socks": "^2.8.3"
			},
			"devDependencies": {
				"@types/async-retry": "^1.4.5",
				"@types/debug": "^4.1.7",
				"@types/dns2": "^2.0.3",
				"@types/jest": "^29.5.1",
				"@types/node": "^14.18.45",
				"async-listen": "^3.0.0",
				"async-retry": "^1.3.3",
				"cacheable-lookup": "^6.1.0",
				"dns2": "^2.1.0",
				"jest": "^29.5.0",
				"proxy": "2.2.0",
				"socksv5": "github:TooTallNate/socksv5#fix/dstSock-close-event",
				"ts-jest": "^29.1.0",
				"tsconfig": "0.0.0",
				"typescript": "^5.0.4"
			},
			"engines": {
				"node": ">= 14"
			}
		},
		"../../node_modules/.pnpm/tsup@8.5.0_postcss@8.5.3_typescript@5.8.3/node_modules/tsup": {
			"version": "8.5.0",
			"dev": true,
			"license": "MIT",
			"dependencies": {
				"bundle-require": "^5.1.0",
				"cac": "^6.7.14",
				"chokidar": "^4.0.3",
				"consola": "^3.4.0",
				"debug": "^4.4.0",
				"esbuild": "^0.25.0",
				"fix-dts-default-cjs-exports": "^1.0.0",
				"joycon": "^3.1.1",
				"picocolors": "^1.1.1",
				"postcss-load-config": "^6.0.1",
				"resolve-from": "^5.0.0",
				"rollup": "^4.34.8",
				"source-map": "0.8.0-beta.0",
				"sucrase": "^3.35.0",
				"tinyexec": "^0.3.2",
				"tinyglobby": "^0.2.11",
				"tree-kill": "^1.2.2"
			},
			"bin": {
				"tsup": "dist/cli-default.js",
				"tsup-node": "dist/cli-node.js"
			},
			"devDependencies": {
				"@microsoft/api-extractor": "^7.50.0",
				"@rollup/plugin-json": "6.1.0",
				"@swc/core": "1.10.18",
				"@types/debug": "4.1.12",
				"@types/node": "22.13.4",
				"@types/resolve": "1.20.6",
				"bumpp": "^10.0.3",
				"flat": "6.0.1",
				"postcss": "8.5.2",
				"postcss-simple-vars": "7.0.1",
				"prettier": "3.5.1",
				"resolve": "1.22.10",
				"rollup-plugin-dts": "6.1.1",
				"sass": "1.85.0",
				"strip-json-comments": "5.0.1",
				"svelte": "5.19.9",
				"svelte-preprocess": "6.0.3",
				"terser": "^5.39.0",
				"ts-essentials": "10.0.4",
				"tsup": "8.3.6",
				"typescript": "5.7.3",
				"vitest": "3.0.6",
				"wait-for-expect": "3.0.2"
			},
			"engines": {
				"node": ">=18"
			},
			"peerDependencies": {
				"@microsoft/api-extractor": "^7.36.0",
				"@swc/core": "^1",
				"postcss": "^8.4.12",
				"typescript": ">=4.5.0"
			},
			"peerDependenciesMeta": {
				"@microsoft/api-extractor": {
					"optional": true
				},
				"@swc/core": {
					"optional": true
				},
				"postcss": {
					"optional": true
				},
				"typescript": {
					"optional": true
				}
			}
		},
		"../../node_modules/.pnpm/typescript@5.8.3/node_modules/typescript": {
			"version": "5.8.3",
			"dev": true,
			"license": "Apache-2.0",
			"bin": {
				"tsc": "bin/tsc",
				"tsserver": "bin/tsserver"
			},
			"devDependencies": {
				"@dprint/formatter": "^0.4.1",
				"@dprint/typescript": "0.93.3",
				"@esfx/canceltoken": "^1.0.0",
				"@eslint/js": "^9.17.0",
				"@octokit/rest": "^21.0.2",
				"@types/chai": "^4.3.20",
				"@types/diff": "^5.2.3",
				"@types/minimist": "^1.2.5",
				"@types/mocha": "^10.0.10",
				"@types/ms": "^0.7.34",
				"@types/node": "latest",
				"@types/source-map-support": "^0.5.10",
				"@types/which": "^3.0.4",
				"@typescript-eslint/rule-tester": "^8.18.1",
				"@typescript-eslint/type-utils": "^8.18.1",
				"@typescript-eslint/utils": "^8.18.1",
				"azure-devops-node-api": "^14.1.0",
				"c8": "^10.1.3",
				"chai": "^4.5.0",
				"chalk": "^4.1.2",
				"chokidar": "^3.6.0",
				"diff": "^5.2.0",
				"dprint": "^0.47.6",
				"esbuild": "^0.24.0",
				"eslint": "^9.17.0",
				"eslint-formatter-autolinkable-stylish": "^1.4.0",
				"eslint-plugin-regexp": "^2.7.0",
				"fast-xml-parser": "^4.5.1",
				"glob": "^10.4.5",
				"globals": "^15.13.0",
				"hereby": "^1.10.0",
				"jsonc-parser": "^3.3.1",
				"knip": "^5.41.0",
				"minimist": "^1.2.8",
				"mocha": "^10.8.2",
				"mocha-fivemat-progress-reporter": "^0.1.0",
				"monocart-coverage-reports": "^2.11.4",
				"ms": "^2.1.3",
				"playwright": "^1.49.1",
				"source-map-support": "^0.5.21",
				"tslib": "^2.8.1",
				"typescript": "^5.7.2",
				"typescript-eslint": "^8.18.1",
				"which": "^3.0.1"
			},
			"engines": {
				"node": ">=14.17"
			}
		},
		"../../node_modules/.pnpm/vitest@1.6.1_@types+node@20.17.50/node_modules/vitest": {
			"version": "1.6.1",
			"dev": true,
			"license": "MIT",
			"dependencies": {
				"@vitest/expect": "1.6.1",
				"@vitest/runner": "1.6.1",
				"@vitest/snapshot": "1.6.1",
				"@vitest/spy": "1.6.1",
				"@vitest/utils": "1.6.1",
				"acorn-walk": "^8.3.2",
				"chai": "^4.3.10",
				"debug": "^4.3.4",
				"execa": "^8.0.1",
				"local-pkg": "^0.5.0",
				"magic-string": "^0.30.5",
				"pathe": "^1.1.1",
				"picocolors": "^1.0.0",
				"std-env": "^3.5.0",
				"strip-literal": "^2.0.0",
				"tinybench": "^2.5.1",
				"tinypool": "^0.8.3",
				"vite": "^5.0.0",
				"vite-node": "1.6.1",
				"why-is-node-running": "^2.2.2"
			},
			"bin": {
				"vitest": "vitest.mjs"
			},
			"devDependencies": {
				"@ampproject/remapping": "^2.2.1",
				"@antfu/install-pkg": "^0.3.1",
				"@edge-runtime/vm": "^3.1.8",
				"@sinonjs/fake-timers": "11.1.0",
				"@types/estree": "^1.0.5",
				"@types/istanbul-lib-coverage": "^2.0.6",
				"@types/istanbul-reports": "^3.0.4",
				"@types/jsdom": "^21.1.6",
				"@types/micromatch": "^4.0.6",
				"@types/node": "^20.11.5",
				"@types/prompts": "^2.4.9",
				"@types/sinonjs__fake-timers": "^8.1.5",
				"birpc": "0.2.15",
				"cac": "^6.7.14",
				"chai-subset": "^1.6.0",
				"cli-truncate": "^4.0.0",
				"expect-type": "^0.17.3",
				"fast-glob": "^3.3.2",
				"find-up": "^6.3.0",
				"flatted": "^3.2.9",
				"get-tsconfig": "^4.7.3",
				"happy-dom": "^14.3.10",
				"jsdom": "^24.0.0",
				"log-update": "^5.0.1",
				"micromatch": "^4.0.5",
				"p-limit": "^5.0.0",
				"pretty-format": "^29.7.0",
				"prompts": "^2.4.2",
				"strip-ansi": "^7.1.0",
				"ws": "^8.14.2"
			},
			"engines": {
				"node": "^18.0.0 || >=20.0.0"
			},
			"funding": {
				"url": "https://opencollective.com/vitest"
			},
			"peerDependencies": {
				"@edge-runtime/vm": "*",
				"@types/node": "^18.0.0 || >=20.0.0",
				"@vitest/browser": "1.6.1",
				"@vitest/ui": "1.6.1",
				"happy-dom": "*",
				"jsdom": "*"
			},
			"peerDependenciesMeta": {
				"@edge-runtime/vm": {
					"optional": true
				},
				"@types/node": {
					"optional": true
				},
				"@vitest/browser": {
					"optional": true
				},
				"@vitest/ui": {
					"optional": true
				},
				"happy-dom": {
					"optional": true
				},
				"jsdom": {
					"optional": true
				}
			}
		},
		"node_modules/@types/node": {
			"resolved": "../../node_modules/.pnpm/@types+node@20.17.50/node_modules/@types/node",
			"link": true
		},
		"node_modules/@types/uuid": {
			"version": "10.0.0",
			"resolved": "https://registry.npmjs.org/@types/uuid/-/uuid-10.0.0.tgz",
			"integrity": "sha512-7gqG38EyHgyP1S+7+xomFtL+ZNHcKv6DwNaCZmJmo1vgMugyF3TCnXVg4t1uk89mLNwnLtnY3TpOpCOyp1/xHQ=="
		},
		"node_modules/chalk": {
			"resolved": "../../node_modules/.pnpm/chalk@5.4.1/node_modules/chalk",
			"link": true
		},
		"node_modules/debug": {
			"resolved": "../../node_modules/.pnpm/debug@4.4.1/node_modules/debug",
			"link": true
		},
		"node_modules/dotenv": {
			"resolved": "../../node_modules/.pnpm/dotenv@16.5.0/node_modules/dotenv",
			"link": true
		},
		"node_modules/node-fetch": {
			"resolved": "../../node_modules/.pnpm/node-fetch@3.3.2/node_modules/node-fetch",
			"link": true
		},
		"node_modules/socks-proxy-agent": {
			"resolved": "../../node_modules/.pnpm/socks-proxy-agent@8.0.5/node_modules/socks-proxy-agent",
			"link": true
		},
		"node_modules/tsup": {
			"resolved": "../../node_modules/.pnpm/tsup@8.5.0_postcss@8.5.3_typescript@5.8.3/node_modules/tsup",
			"link": true
		},
		"node_modules/typescript": {
			"resolved": "../../node_modules/.pnpm/typescript@5.8.3/node_modules/typescript",
			"link": true
		},
		"node_modules/uuid": {
			"version": "11.1.0",
			"resolved": "https://registry.npmjs.org/uuid/-/uuid-11.1.0.tgz",
			"integrity": "sha512-0/A9rDy9P7cJ+8w1c9WD9V//9Wj15Ce2MPz8Ri6032usz+NfePxx5AcN3bN+r6ZL6jEo066/yNYB3tn4pQEx+A==",
			"funding": [
				"https://github.com/sponsors/broofa",
				"https://github.com/sponsors/ctavan"
			],
			"bin": {
				"uuid": "dist/esm/bin/uuid"
			}
		},
		"node_modules/vitest": {
			"resolved": "../../node_modules/.pnpm/vitest@1.6.1_@types+node@20.17.50/node_modules/vitest",
			"link": true
		}
	},
	"dependencies": {
		"@types/node": {
			"version": "file:../../node_modules/.pnpm/@types+node@20.17.50/node_modules/@types/node",
			"requires": {
				"undici-types": "~6.19.2"
			}
		},
		"@types/uuid": {
			"version": "10.0.0",
			"resolved": "https://registry.npmjs.org/@types/uuid/-/uuid-10.0.0.tgz",
			"integrity": "sha512-7gqG38EyHgyP1S+7+xomFtL+ZNHcKv6DwNaCZmJmo1vgMugyF3TCnXVg4t1uk89mLNwnLtnY3TpOpCOyp1/xHQ=="
		},
		"chalk": {
			"version": "file:../../node_modules/.pnpm/chalk@5.4.1/node_modules/chalk",
			"requires": {
				"@types/node": "^16.11.10",
				"ava": "^3.15.0",
				"c8": "^7.10.0",
				"color-convert": "^2.0.1",
				"execa": "^6.0.0",
				"log-update": "^5.0.0",
				"matcha": "^0.7.0",
				"tsd": "^0.19.0",
				"xo": "^0.57.0",
				"yoctodelay": "^2.0.0"
			}
		},
		"debug": {
			"version": "file:../../node_modules/.pnpm/debug@4.4.1/node_modules/debug",
			"requires": {
				"brfs": "^2.0.1",
				"browserify": "^16.2.3",
				"coveralls": "^3.0.2",
				"karma": "^3.1.4",
				"karma-browserify": "^6.0.0",
				"karma-chrome-launcher": "^2.2.0",
				"karma-mocha": "^1.3.0",
				"mocha": "^5.2.0",
				"mocha-lcov-reporter": "^1.2.0",
				"ms": "^2.1.3",
				"sinon": "^14.0.0",
				"xo": "^0.23.0"
			}
		},
		"dotenv": {
			"version": "file:../../node_modules/.pnpm/dotenv@16.5.0/node_modules/dotenv",
			"requires": {
				"@types/node": "^18.11.3",
				"decache": "^4.6.2",
				"sinon": "^14.0.1",
				"standard": "^17.0.0",
				"standard-version": "^9.5.0",
				"tap": "^19.2.0",
				"typescript": "^4.8.4"
			}
		},
		"node-fetch": {
			"version": "file:../../node_modules/.pnpm/node-fetch@3.3.2/node_modules/node-fetch",
			"requires": {
				"abort-controller": "^3.0.0",
				"abortcontroller-polyfill": "^1.7.1",
				"busboy": "^1.4.0",
				"c8": "^7.7.2",
				"chai": "^4.3.4",
				"chai-as-promised": "^7.1.1",
				"chai-iterator": "^3.0.2",
				"chai-string": "^1.5.0",
				"coveralls": "^3.1.0",
				"data-uri-to-buffer": "^4.0.0",
				"fetch-blob": "^3.1.4",
				"form-data": "^4.0.0",
				"formdata-node": "^4.2.4",
				"formdata-polyfill": "^4.0.10",
				"mocha": "^9.1.3",
				"p-timeout": "^5.0.0",
				"stream-consumers": "^1.0.1",
				"tsd": "^0.14.0",
				"xo": "^0.39.1"
			}
		},
		"socks-proxy-agent": {
			"version": "file:../../node_modules/.pnpm/socks-proxy-agent@8.0.5/node_modules/socks-proxy-agent",
			"requires": {
				"@types/async-retry": "^1.4.5",
				"@types/debug": "^4.1.7",
				"@types/dns2": "^2.0.3",
				"@types/jest": "^29.5.1",
				"@types/node": "^14.18.45",
				"agent-base": "^7.1.2",
				"async-listen": "^3.0.0",
				"async-retry": "^1.3.3",
				"cacheable-lookup": "^6.1.0",
				"debug": "^4.3.4",
				"dns2": "^2.1.0",
				"jest": "^29.5.0",
				"proxy": "2.2.0",
				"socks": "^2.8.3",
				"socksv5": "github:TooTallNate/socksv5#fix/dstSock-close-event",
				"ts-jest": "^29.1.0",
				"tsconfig": "0.0.0",
				"typescript": "^5.0.4"
			}
		},
		"tsup": {
			"version": "file:../../node_modules/.pnpm/tsup@8.5.0_postcss@8.5.3_typescript@5.8.3/node_modules/tsup",
			"requires": {
				"@microsoft/api-extractor": "^7.50.0",
				"@rollup/plugin-json": "6.1.0",
				"@swc/core": "1.10.18",
				"@types/debug": "4.1.12",
				"@types/node": "22.13.4",
				"@types/resolve": "1.20.6",
				"bumpp": "^10.0.3",
				"bundle-require": "^5.1.0",
				"cac": "^6.7.14",
				"chokidar": "^4.0.3",
				"consola": "^3.4.0",
				"debug": "^4.4.0",
				"esbuild": "^0.25.0",
				"fix-dts-default-cjs-exports": "^1.0.0",
				"flat": "6.0.1",
				"joycon": "^3.1.1",
				"picocolors": "^1.1.1",
				"postcss": "8.5.2",
				"postcss-load-config": "^6.0.1",
				"postcss-simple-vars": "7.0.1",
				"prettier": "3.5.1",
				"resolve": "1.22.10",
				"resolve-from": "^5.0.0",
				"rollup": "^4.34.8",
				"rollup-plugin-dts": "6.1.1",
				"sass": "1.85.0",
				"source-map": "0.8.0-beta.0",
				"strip-json-comments": "5.0.1",
				"sucrase": "^3.35.0",
				"svelte": "5.19.9",
				"svelte-preprocess": "6.0.3",
				"terser": "^5.39.0",
				"tinyexec": "^0.3.2",
				"tinyglobby": "^0.2.11",
				"tree-kill": "^1.2.2",
				"ts-essentials": "10.0.4",
				"tsup": "8.3.6",
				"typescript": "5.7.3",
				"vitest": "3.0.6",
				"wait-for-expect": "3.0.2"
			}
		},
		"typescript": {
			"version": "file:../../node_modules/.pnpm/typescript@5.8.3/node_modules/typescript",
			"requires": {
				"@dprint/formatter": "^0.4.1",
				"@dprint/typescript": "0.93.3",
				"@esfx/canceltoken": "^1.0.0",
				"@eslint/js": "^9.17.0",
				"@octokit/rest": "^21.0.2",
				"@types/chai": "^4.3.20",
				"@types/diff": "^5.2.3",
				"@types/minimist": "^1.2.5",
				"@types/mocha": "^10.0.10",
				"@types/ms": "^0.7.34",
				"@types/node": "latest",
				"@types/source-map-support": "^0.5.10",
				"@types/which": "^3.0.4",
				"@typescript-eslint/rule-tester": "^8.18.1",
				"@typescript-eslint/type-utils": "^8.18.1",
				"@typescript-eslint/utils": "^8.18.1",
				"azure-devops-node-api": "^14.1.0",
				"c8": "^10.1.3",
				"chai": "^4.5.0",
				"chalk": "^4.1.2",
				"chokidar": "^3.6.0",
				"diff": "^5.2.0",
				"dprint": "^0.47.6",
				"esbuild": "^0.24.0",
				"eslint": "^9.17.0",
				"eslint-formatter-autolinkable-stylish": "^1.4.0",
				"eslint-plugin-regexp": "^2.7.0",
				"fast-xml-parser": "^4.5.1",
				"glob": "^10.4.5",
				"globals": "^15.13.0",
				"hereby": "^1.10.0",
				"jsonc-parser": "^3.3.1",
				"knip": "^5.41.0",
				"minimist": "^1.2.8",
				"mocha": "^10.8.2",
				"mocha-fivemat-progress-reporter": "^0.1.0",
				"monocart-coverage-reports": "^2.11.4",
				"ms": "^2.1.3",
				"playwright": "^1.49.1",
				"source-map-support": "^0.5.21",
				"tslib": "^2.8.1",
				"typescript": "^5.7.2",
				"typescript-eslint": "^8.18.1",
				"which": "^3.0.1"
			}
		},
		"uuid": {
			"version": "11.1.0",
			"resolved": "https://registry.npmjs.org/uuid/-/uuid-11.1.0.tgz",
			"integrity": "sha512-0/A9rDy9P7cJ+8w1c9WD9V//9Wj15Ce2MPz8Ri6032usz+NfePxx5AcN3bN+r6ZL6jEo066/yNYB3tn4pQEx+A=="
		},
		"vitest": {
			"version": "file:../../node_modules/.pnpm/vitest@1.6.1_@types+node@20.17.50/node_modules/vitest",
			"requires": {
				"@ampproject/remapping": "^2.2.1",
				"@antfu/install-pkg": "^0.3.1",
				"@edge-runtime/vm": "^3.1.8",
				"@sinonjs/fake-timers": "11.1.0",
				"@types/estree": "^1.0.5",
				"@types/istanbul-lib-coverage": "^2.0.6",
				"@types/istanbul-reports": "^3.0.4",
				"@types/jsdom": "^21.1.6",
				"@types/micromatch": "^4.0.6",
				"@types/node": "^20.11.5",
				"@types/prompts": "^2.4.9",
				"@types/sinonjs__fake-timers": "^8.1.5",
				"@vitest/expect": "1.6.1",
				"@vitest/runner": "1.6.1",
				"@vitest/snapshot": "1.6.1",
				"@vitest/spy": "1.6.1",
				"@vitest/utils": "1.6.1",
				"acorn-walk": "^8.3.2",
				"birpc": "0.2.15",
				"cac": "^6.7.14",
				"chai": "^4.3.10",
				"chai-subset": "^1.6.0",
				"cli-truncate": "^4.0.0",
				"debug": "^4.3.4",
				"execa": "^8.0.1",
				"expect-type": "^0.17.3",
				"fast-glob": "^3.3.2",
				"find-up": "^6.3.0",
				"flatted": "^3.2.9",
				"get-tsconfig": "^4.7.3",
				"happy-dom": "^14.3.10",
				"jsdom": "^24.0.0",
				"local-pkg": "^0.5.0",
				"log-update": "^5.0.1",
				"magic-string": "^0.30.5",
				"micromatch": "^4.0.5",
				"p-limit": "^5.0.0",
				"pathe": "^1.1.1",
				"picocolors": "^1.0.0",
				"pretty-format": "^29.7.0",
				"prompts": "^2.4.2",
				"std-env": "^3.5.0",
				"strip-ansi": "^7.1.0",
				"strip-literal": "^2.0.0",
				"tinybench": "^2.5.1",
				"tinypool": "^0.8.3",
				"vite": "^5.0.0",
				"vite-node": "1.6.1",
				"why-is-node-running": "^2.2.2",
				"ws": "^8.14.2"
			}
		}
	}
}
