{
	"name": "themes",
	"lockfileVersion": 2,
	"requires": true,
	"packages": {
		"": {
			"devDependencies": {
				"@types/to-title-case": "^1.0.0"
			}
		},
		"node_modules/@types/to-title-case": {
			"version": "1.0.0",
			"resolved": "https://registry.npmjs.org/@types/to-title-case/-/to-title-case-1.0.0.tgz",
			"integrity": "sha512-064+ER3yeChxTQwM0LTRTlG7GK6/HXM9ekX1y/KqJi0pvBBIrvUnYWZ2JQGivCAuw29CuLq0b6zUPL9FY/JMnQ==",
			"dev": true
		}
	},
	"dependencies": {
		"@types/to-title-case": {
			"version": "1.0.0",
			"resolved": "https://registry.npmjs.org/@types/to-title-case/-/to-title-case-1.0.0.tgz",
			"integrity": "sha512-064+ER3yeChxTQwM0LTRTlG7GK6/HXM9ekX1y/KqJi0pvBBIrvUnYWZ2JQGivCAuw29CuLq0b6zUPL9FY/JMnQ==",
			"dev": true
		}
	}
}
